// !$*UTF8*$!
{
	archiveVersion = 1;
	classes = {
	};
	objectVersion = 50;
	objects = {

/* Begin PBXBuildFile section */
		737BD9DB233C354100ED8CED /* AppDelegate.swift in Sources */ = {isa = PBXBuildFile; fileRef = 737BD9DA233C354100ED8CED /* AppDelegate.swift */; };
		737BD9DD233C354100ED8CED /* SceneDelegate.swift in Sources */ = {isa = PBXBuildFile; fileRef = 737BD9DC233C354100ED8CED /* SceneDelegate.swift */; };
		737BD9DF233C354100ED8CED /* ViewController.swift in Sources */ = {isa = PBXBuildFile; fileRef = 737BD9DE233C354100ED8CED /* ViewController.swift */; };
		737BD9E2233C354100ED8CED /* Main.storyboard in Resources */ = {isa = PBXBuildFile; fileRef = 737BD9E0233C354100ED8CED /* Main.storyboard */; };
		737BD9E4233C354500ED8CED /* Assets.xcassets in Resources */ = {isa = PBXBuildFile; fileRef = 737BD9E3233C354500ED8CED /* Assets.xcassets */; };
		737BD9E7233C354500ED8CED /* LaunchScreen.storyboard in Resources */ = {isa = PBXBuildFile; fileRef = 737BD9E5233C354500ED8CED /* LaunchScreen.storyboard */; };
		73FECDB0233D045C00DEAAD8 /* EndViewController.swift in Sources */ = {isa = PBXBuildFile; fileRef = 73FECDAF233D045C00DEAAD8 /* EndViewController.swift */; };
/* End PBXBuildFile section */

/* Begin PBXFileReference section */
		737BD9D7233C354100ED8CED /* MakeYourAdv.app */ = {isa = PBXFileReference; explicitFileType = wrapper.application; includeInIndex = 0; path = MakeYourAdv.app; sourceTree = BUILT_PRODUCTS_DIR; };
		737BD9DA233C354100ED8CED /* AppDelegate.swift */ = {isa = PBXFileReference; lastKnownFileType = sourcecode.swift; path = AppDelegate.swift; sourceTree = "<group>"; };
		737BD9DC233C354100ED8CED /* SceneDelegate.swift */ = {isa = PBXFileReference; lastKnownFileType = sourcecode.swift; path = SceneDelegate.swift; sourceTree = "<group>"; };
		737BD9DE233C354100ED8CED /* ViewController.swift */ = {isa = PBXFileReference; lastKnownFileType = sourcecode.swift; path = ViewController.swift; sourceTree = "<group>"; };
		737BD9E1233C354100ED8CED /* Base */ = {isa = PBXFileReference; lastKnownFileType = file.storyboard; name = Base; path = Base.lproj/Main.storyboard; sourceTree = "<group>"; };
		737BD9E3233C354500ED8CED /* Assets.xcassets */ = {isa = PBXFileReference; lastKnownFileType = folder.assetcatalog; path = Assets.xcassets; sourceTree = "<group>"; };
		737BD9E6233C354500ED8CED /* Base */ = {isa = PBXFileReference; lastKnownFileType = file.storyboard; name = Base; path = Base.lproj/LaunchScreen.storyboard; sourceTree = "<group>"; };
		737BD9E8233C354500ED8CED /* Info.plist */ = {isa = PBXFileReference; lastKnownFileType = text.plist.xml; path = Info.plist; sourceTree = "<group>"; };
		73FECDAF233D045C00DEAAD8 /* EndViewController.swift */ = {isa = PBXFileReference; lastKnownFileType = sourcecode.swift; path = EndViewController.swift; sourceTree = "<group>"; };
/* End PBXFileReference section */

/* Begin PBXFrameworksBuildPhase section */
		737BD9D4233C354100ED8CED /* Frameworks */ = {
			isa = PBXFrameworksBuildPhase;
			buildActionMask = 2147483647;
			files = (
			);
			runOnlyForDeploymentPostprocessing = 0;
		};
/* End PBXFrameworksBuildPhase section */

/* Begin PBXGroup section */
		737BD9CE233C354100ED8CED = {
			isa = PBXGroup;
			children = (
				737BD9D9233C354100ED8CED /* MakeYourAdv */,
				737BD9D8233C354100ED8CED /* Products */,
			);
			sourceTree = "<group>";
		};
		737BD9D8233C354100ED8CED /* Products */ = {
			isa = PBXGroup;
			children = (
				737BD9D7233C354100ED8CED /* MakeYourAdv.app */,
			);
			name = Products;
			sourceTree = "<group>";
		};
		737BD9D9233C354100ED8CED /* MakeYourAdv */ = {
			isa = PBXGroup;
			children = (
				737BD9DA233C354100ED8CED /* AppDelegate.swift */,
				737BD9DC233C354100ED8CED /* SceneDelegate.swift */,
				73FECDAF233D045C00DEAAD8 /* EndViewController.swift */,
				737BD9DE233C354100ED8CED /* ViewController.swift */,
				737BD9E0233C354100ED8CED /* Main.storyboard */,
				737BD9E3233C354500ED8CED /* Assets.xcassets */,
				737BD9E5233C354500ED8CED /* LaunchScreen.storyboard */,
				737BD9E8233C354500ED8CED /* Info.plist */,
			);
			path = MakeYourAdv;
			sourceTree = "<group>";
		};
/* End PBXGroup section */

/* Begin PBXNativeTarget section */
		737BD9D6233C354100ED8CED /* MakeYourAdv */ = {
			isa = PBXNativeTarget;
			buildConfigurationList = 737BD9EB233C354500ED8CED /* Build configuration list for PBXNativeTarget "MakeYourAdv" */;
			buildPhases = (
				737BD9D3233C354100ED8CED /* Sources */,
				737BD9D4233C354100ED8CED /* Frameworks */,
				737BD9D5233C354100ED8CED /* Resources */,
			);
			buildRules = (
			);
			dependencies = (
			);
			name = MakeYourAdv;
			productName = MakeYourAdv;
			productReference = 737BD9D7233C354100ED8CED /* MakeYourAdv.app */;
			productType = "com.apple.product-type.application";
		};
/* End PBXNativeTarget section */

/* Begin PBXProject section */
		737BD9CF233C354100ED8CED /* Project object */ = {
			isa = PBXProject;
			attributes = {
				LastSwiftUpdateCheck = 1100;
				LastUpgradeCheck = 1100;
				ORGANIZATIONNAME = Mohammed;
				TargetAttributes = {
					737BD9D6233C354100ED8CED = {
						CreatedOnToolsVersion = 11.0;
					};
				};
			};
			buildConfigurationList = 737BD9D2233C354100ED8CED /* Build configuration list for PBXProject "MakeYourAdv" */;
			compatibilityVersion = "Xcode 9.3";
			developmentRegion = en;
			hasScannedForEncodings = 0;
			knownRegions = (
				en,
				Base,
			);
			mainGroup = 737BD9CE233C354100ED8CED;
			productRefGroup = 737BD9D8233C354100ED8CED /* Products */;
			projectDirPath = "";
			projectRoot = "";
			targets = (
				737BD9D6233C354100ED8CED /* MakeYourAdv */,
			);
		};
/* End PBXProject section */

/* Begin PBXResourcesBuildPhase section */
		737BD9D5233C354100ED8CED /* Resources */ = {
			isa = PBXResourcesBuildPhase;
			buildActionMask = 2147483647;
			files = (
				737BD9E7233C354500ED8CED /* LaunchScreen.storyboard in Resources */,
				737BD9E4233C354500ED8CED /* Assets.xcassets in Resources */,
				737BD9E2233C354100ED8CED /* Main.storyboard in Resources */,
			);
			runOnlyForDeploymentPostprocessing = 0;
		};
/* End PBXResourcesBuildPhase section */

/* Begin PBXSourcesBuildPhase section */
		737BD9D3233C354100ED8CED /* Sources */ = {
			isa = PBXSourcesBuildPhase;
			buildActionMask = 2147483647;
			files = (
				73FECDB0233D045C00DEAAD8 /* EndViewController.swift in Sources */,
				737BD9DF233C354100ED8CED /* ViewController.swift in Sources */,
				737BD9DB233C354100ED8CED /* AppDelegate.swift in Sources */,
				737BD9DD233C354100ED8CED /* SceneDelegate.swift in Sources */,
			);
			runOnlyForDeploymentPostprocessing = 0;
		};
/* End PBXSourcesBuildPhase section */

/* Begin PBXVariantGroup section */
		737BD9E0233C354100ED8CED /* Main.storyboard */ = {
			isa = PBXVariantGroup;
			children = (
				737BD9E1233C354100ED8CED /* Base */,
			);
			name = Main.storyboard;
			sourceTree = "<group>";
		};
		737BD9E5233C354500ED8CED /* LaunchScreen.storyboard */ = {
			isa = PBXVariantGroup;
			children = (
				737BD9E6233C354500ED8CED /* Base */,
			);
			name = LaunchScreen.storyboard;
			sourceTree = "<group>";
		};
/* End PBXVariantGroup section */

/* Begin XCBuildConfiguration section */
		737BD9E9233C354500ED8CED /* Debug */ = {
			isa = XCBuildConfiguration;
			buildSettings = {
				ALWAYS_SEARCH_USER_PATHS = NO;
				CLANG_ANALYZER_NONNULL = YES;
				CLANG_ANALYZER_NUMBER_OBJECT_CONVERSION = YES_AGGRESSIVE;
				CLANG_CXX_LANGUAGE_STANDARD = "gnu++14";
				CLANG_CXX_LIBRARY = "libc++";
				CLANG_ENABLE_MODULES = YES;
				CLANG_ENABLE_OBJC_ARC = YES;
				CLANG_ENABLE_OBJC_WEAK = YES;
				CLANG_WARN_BLOCK_CAPTURE_AUTORELEASING = YES;
				CLANG_WARN_BOOL_CONVERSION = YES;
				CLANG_WARN_COMMA = YES;
				CLANG_WARN_CONSTANT_CONVERSION = YES;
				CLANG_WARN_DEPRECATED_OBJC_IMPLEMENTATIONS = YES;
				CLANG_WARN_DIRECT_OBJC_ISA_USAGE = YES_ERROR;
				CLANG_WARN_DOCUMENTATION_COMMENTS = YES;
				CLANG_WARN_EMPTY_BODY = YES;
				CLANG_WARN_ENUM_CONVERSION = YES;
				CLANG_WARN_INFINITE_RECURSION = YES;
				CLANG_WARN_INT_CONVERSION = YES;
				CLANG_WARN_NON_LITERAL_NULL_CONVERSION = YES;
				CLANG_WARN_OBJC_IMPLICIT_RETAIN_SELF = YES;
				CLANG_WARN_OBJC_LITERAL_CONVERSION = YES;
				CLANG_WARN_OBJC_ROOT_CLASS = YES_ERROR;
				CLANG_WARN_RANGE_LOOP_ANALYSIS = YES;
				CLANG_WARN_STRICT_PROTOTYPES = YES;
				CLANG_WARN_SUSPICIOUS_MOVE = YES;
				CLANG_WARN_UNGUARDED_AVAILABILITY = YES_AGGRESSIVE;
				CLANG_WARN_UNREACHABLE_CODE = YES;
				CLANG_WARN__DUPLICATE_METHOD_MATCH = YES;
				COPY_PHASE_STRIP = NO;
				DEBUG_INFORMATION_FORMAT = dwarf;
				ENABLE_STRICT_OBJC_MSGSEND = YES;
				ENABLE_TESTABILITY = YES;
				GCC_C_LANGUAGE_STANDARD = gnu11;
				GCC_DYNAMIC_NO_PIC = NO;
				GCC_NO_COMMON_BLOCKS = YES;
				GCC_OPTIMIZATION_LEVEL = 0;
				GCC_PREPROCESSOR_DEFINITIONS = (
					"DEBUG=1",
					"$(inherited)",
				);
				GCC_WARN_64_TO_32_BIT_CONVERSION = YES;
				GCC_WARN_ABOUT_RETURN_TYPE = YES_ERROR;
				GCC_WARN_UNDECLARED_SELECTOR = YES;
				GCC_WARN_UNINITIALIZED_AUTOS = YES_AGGRESSIVE;
				GCC_WARN_UNUSED_FUNCTION = YES;
				GCC_WARN_UNUSED_VARIABLE = YES;
				IPHONEOS_DEPLOYMENT_TARGET = 13.0;
				MTL_ENABLE_DEBUG_INFO = INCLUDE_SOURCE;
				MTL_FAST_MATH = YES;
				ONLY_ACTIVE_ARCH = YES;
				SDKROOT = iphoneos;
				SWIFT_ACTIVE_COMPILATION_CONDITIONS = DEBUG;
				SWIFT_OPTIMIZATION_LEVEL = "-Onone";
			};
			name = Debug;
		};
		737BD9EA233C354500ED8CED /* Release */ = {
			isa = XCBuildConfiguration;
			buildSettings = {
				ALWAYS_SEARCH_USER_PATHS = NO;
				CLANG_ANALYZER_NONNULL = YES;
				CLANG_ANALYZER_NUMBER_OBJECT_CONVERSION = YES_AGGRESSIVE;
				CLANG_CXX_LANGUAGE_STANDARD = "gnu++14";
				CLANG_CXX_LIBRARY = "libc++";
				CLANG_ENABLE_MODULES = YES;
				CLANG_ENABLE_OBJC_ARC = YES;
				CLANG_ENABLE_OBJC_WEAK = YES;
				CLANG_WARN_BLOCK_CAPTURE_AUTORELEASING = YES;
				CLANG_WARN_BOOL_CONVERSION = YES;
				CLANG_WARN_COMMA = YES;
				CLANG_WARN_CONSTANT_CONVERSION = YES;
				CLANG_WARN_DEPRECATED_OBJC_IMPLEMENTATIONS = YES;
				CLANG_WARN_DIRECT_OBJC_ISA_USAGE = YES_ERROR;
				CLANG_WARN_DOCUMENTATION_COMMENTS = YES;
				CLANG_WARN_EMPTY_BODY = YES;
				CLANG_WARN_ENUM_CONVERSION = YES;
				CLANG_WARN_INFINITE_RECURSION = YES;
				CLANG_WARN_INT_CONVERSION = YES;
				CLANG_WARN_NON_LITERAL_NULL_CONVERSION = YES;
				CLANG_WARN_OBJC_IMPLICIT_RETAIN_SELF = YES;
				CLANG_WARN_OBJC_LITERAL_CONVERSION = YES;
				CLANG_WARN_OBJC_ROOT_CLASS = YES_ERROR;
				CLANG_WARN_RANGE_LOOP_ANALYSIS = YES;
				CLANG_WARN_STRICT_PROTOTYPES = YES;
				CLANG_WARN_SUSPICIOUS_MOVE = YES;
				CLANG_WARN_UNGUARDED_AVAILABILITY = YES_AGGRESSIVE;
				CLANG_WARN_UNREACHABLE_CODE = YES;
				CLANG_WARN__DUPLICATE_METHOD_MATCH = YES;
				COPY_PHASE_STRIP = NO;
				DEBUG_INFORMATION_FORMAT = "dwarf-with-dsym";
				ENABLE_NS_ASSERTIONS = NO;
				ENABLE_STRICT_OBJC_MSGSEND = YES;
				GCC_C_LANGUAGE_STANDARD = gnu11;
				GCC_NO_COMMON_BLOCKS = YES;
				GCC_WARN_64_TO_32_BIT_CONVERSION = YES;
				GCC_WARN_ABOUT_RETURN_TYPE = YES_ERROR;
				GCC_WARN_UNDECLARED_SELECTOR = YES;
				GCC_WARN_UNINITIALIZED_AUTOS = YES_AGGRESSIVE;
				GCC_WARN_UNUSED_FUNCTION = YES;
				GCC_WARN_UNUSED_VARIABLE = YES;
				IPHONEOS_DEPLOYMENT_TARGET = 13.0;
				MTL_ENABLE_DEBUG_INFO = NO;
				MTL_FAST_MATH = YES;
				SDKROOT = iphoneos;
				SWIFT_COMPILATION_MODE = wholemodule;
				SWIFT_OPTIMIZATION_LEVEL = "-O";
				VALIDATE_PRODUCT = YES;
			};
			name = Release;
		};
		737BD9EC233C354500ED8CED /* Debug */ = {
			isa = XCBuildConfiguration;
			buildSettings = {
				ASSETCATALOG_COMPILER_APPICON_NAME = AppIcon;
				CODE_SIGN_STYLE = Automatic;
				DEVELOPMENT_TEAM = DC79VX4KR8;
				INFOPLIST_FILE = MakeYourAdv/Info.plist;
				LD_RUNPATH_SEARCH_PATHS = (
					"$(inherited)",
					"@executable_path/Frameworks",
				);
				PRODUCT_BUNDLE_IDENTIFIER = com.Mohammed.MakeYourAdv;
				PRODUCT_NAME = "$(TARGET_NAME)";
				SWIFT_VERSION = 5.0;
				TARGETED_DEVICE_FAMILY = "1,2";
			};
			name = Debug;
		};
		737BD9ED233C354500ED8CED /* Release */ = {
			isa = XCBuildConfiguration;
			buildSettings = {
				ASSETCATALOG_COMPILER_APPICON_NAME = AppIcon;
				CODE_SIGN_STYLE = Automatic;
				DEVELOPMENT_TEAM = DC79VX4KR8;
				INFOPLIST_FILE = MakeYourAdv/Info.plist;
				LD_RUNPATH_SEARCH_PATHS = (
					"$(inherited)",
					"@executable_path/Frameworks",
				);
				PRODUCT_BUNDLE_IDENTIFIER = com.Mohammed.MakeYourAdv;
				PRODUCT_NAME = "$(TARGET_NAME)";
				SWIFT_VERSION = 5.0;
				TARGETED_DEVICE_FAMILY = "1,2";
			};
			name = Release;
		};
/* End XCBuildConfiguration section */

/* Begin XCConfigurationList section */
		737BD9D2233C354100ED8CED /* Build configuration list for PBXProject "MakeYourAdv" */ = {
			isa = XCConfigurationList;
			buildConfigurations = (
				737BD9E9233C354500ED8CED /* Debug */,
				737BD9EA233C354500ED8CED /* Release */,
			);
			defaultConfigurationIsVisible = 0;
			defaultConfigurationName = Release;
		};
		737BD9EB233C354500ED8CED /* Build configuration list for PBXNativeTarget "MakeYourAdv" */ = {
			isa = XCConfigurationList;
			buildConfigurations = (
				737BD9EC233C354500ED8CED /* Debug */,
				737BD9ED233C354500ED8CED /* Release */,
			);
			defaultConfigurationIsVisible = 0;
			defaultConfigurationName = Release;
		};
/* End XCConfigurationList section */
	};
	rootObject = 737BD9CF233C354100ED8CED /* Project object */;
}
